uuid: 8dd10e7d-dcd6-4143-9421-dffc12af5d25
langcode: en
status: true
dependencies:
  config:
    - field.storage.paragraph.field_p_cb_code_block
    - paragraphs.paragraphs_type.code_block
  module:
    - text
id: paragraph.code_block.field_p_cb_code_block
field_name: field_p_cb_code_block
entity_type: paragraph
bundle: code_block
label: 'Code Block'
description: ''
required: false
translatable: false
default_value: {  }
default_value_callback: ''
settings: {  }
field_type: text_long
