uuid: 24618169-96df-4e3b-ac77-cd6ececd1235
langcode: en
status: true
dependencies:
  module:
    - paragraphs
    - text
id: paragraph.field_p_cb_code_block
field_name: field_p_cb_code_block
entity_type: paragraph
type: text_long
settings: {  }
module: text
locked: false
cardinality: 1
translatable: true
indexes: {  }
persist_with_no_fields: false
custom_storage: false
